
Microsoft Visual Studio Solution File, Format Version 12.00
# Visual Studio Version 16
VisualStudioVersion = 16.0.31112.23
MinimumVisualStudioVersion = 10.0.40219.1
Project("{9A19103F-16F7-4668-BE54-9A1E7A4F7556}") = "ReadFaturas.Web", "ReadFaturas\ReadFaturas.Web.csproj", "{D7650BA9-61FD-4E8B-AD3C-F60F02298BF3}"
	ProjectSection(ProjectDependencies) = postProject
		{9390F356-8D9D-4FB8-A9C8-5B6E38FB29C5} = {9390F356-8D9D-4FB8-A9C8-5B6E38FB29C5}
	EndProjectSection
EndProject
Project("{FAE04EC0-301F-11D3-BF4B-00C04F79EFBC}") = "ReadFaturas.Core", "ReadFaturas.Core\ReadFaturas.Core.csproj", "{9390F356-8D9D-4FB8-A9C8-5B6E38FB29C5}"
EndProject
Global
	GlobalSection(SolutionConfigurationPlatforms) = preSolution
		Debug|Any CPU = Debug|Any CPU
		Release|Any CPU = Release|Any CPU
	EndGlobalSection
	GlobalSection(ProjectConfigurationPlatforms) = postSolution
		{D7650BA9-61FD-4E8B-AD3C-F60F02298BF3}.Debug|Any CPU.ActiveCfg = Debug|Any CPU
		{D7650BA9-61FD-4E8B-AD3C-F60F02298BF3}.Debug|Any CPU.Build.0 = Debug|Any CPU
		{D7650BA9-61FD-4E8B-AD3C-F60F02298BF3}.Release|Any CPU.ActiveCfg = Release|Any CPU
		{D7650BA9-61FD-4E8B-AD3C-F60F02298BF3}.Release|Any CPU.Build.0 = Release|Any CPU
		{9390F356-8D9D-4FB8-A9C8-5B6E38FB29C5}.Debug|Any CPU.ActiveCfg = Debug|Any CPU
		{9390F356-8D9D-4FB8-A9C8-5B6E38FB29C5}.Debug|Any CPU.Build.0 = Debug|Any CPU
		{9390F356-8D9D-4FB8-A9C8-5B6E38FB29C5}.Release|Any CPU.ActiveCfg = Release|Any CPU
		{9390F356-8D9D-4FB8-A9C8-5B6E38FB29C5}.Release|Any CPU.Build.0 = Release|Any CPU
	EndGlobalSection
	GlobalSection(SolutionProperties) = preSolution
		HideSolutionNode = FALSE
	EndGlobalSection
	GlobalSection(ExtensibilityGlobals) = postSolution
		SolutionGuid = {FF2B585A-8674-4A7B-A704-DA4C73DD410A}
	EndGlobalSection
EndGlobal
